
Microsoft Visual Studio Solution File, Format Version 12.00
# Visual Studio Version 17
VisualStudioVersion = 17.9.34622.214
MinimumVisualStudioVersion = 10.0.40219.1
Project("{9A19103F-16F7-4668-BE54-9A1E7A4F7556}") = "REST", "REST\REST.csproj", "{CD982974-0E6E-4561-BC0F-6412284288F3}"
EndProject
Project("{9A19103F-16F7-4668-BE54-9A1E7A4F7556}") = "Test", "Test\Test.csproj", "{881AC60A-1E6C-4DAB-BE42-A707992782DB}"
EndProject
Project("{E53339B2-1760-4266-BCC7-CA923CBCF16C}") = "docker-compose", "docker-compose.dcproj", "{B013804E-7F84-4DC2-9545-6393E800AEBE}"
EndProject
Global
	GlobalSection(SolutionConfigurationPlatforms) = preSolution
		Debug|Any CPU = Debug|Any CPU
		Release|Any CPU = Release|Any CPU
	EndGlobalSection
	GlobalSection(ProjectConfigurationPlatforms) = postSolution
		{CD982974-0E6E-4561-BC0F-6412284288F3}.Debug|Any CPU.ActiveCfg = Debug|Any CPU
		{CD982974-0E6E-4561-BC0F-6412284288F3}.Debug|Any CPU.Build.0 = Debug|Any CPU
		{CD982974-0E6E-4561-BC0F-6412284288F3}.Release|Any CPU.ActiveCfg = Release|Any CPU
		{CD982974-0E6E-4561-BC0F-6412284288F3}.Release|Any CPU.Build.0 = Release|Any CPU
		{881AC60A-1E6C-4DAB-BE42-A707992782DB}.Debug|Any CPU.ActiveCfg = Debug|Any CPU
		{881AC60A-1E6C-4DAB-BE42-A707992782DB}.Debug|Any CPU.Build.0 = Debug|Any CPU
		{881AC60A-1E6C-4DAB-BE42-A707992782DB}.Release|Any CPU.ActiveCfg = Release|Any CPU
		{881AC60A-1E6C-4DAB-BE42-A707992782DB}.Release|Any CPU.Build.0 = Release|Any CPU
		{B013804E-7F84-4DC2-9545-6393E800AEBE}.Debug|Any CPU.ActiveCfg = Debug|Any CPU
		{B013804E-7F84-4DC2-9545-6393E800AEBE}.Debug|Any CPU.Build.0 = Debug|Any CPU
		{B013804E-7F84-4DC2-9545-6393E800AEBE}.Release|Any CPU.ActiveCfg = Release|Any CPU
		{B013804E-7F84-4DC2-9545-6393E800AEBE}.Release|Any CPU.Build.0 = Release|Any CPU
	EndGlobalSection
	GlobalSection(SolutionProperties) = preSolution
		HideSolutionNode = FALSE
	EndGlobalSection
	GlobalSection(ExtensibilityGlobals) = postSolution
		SolutionGuid = {5E4FC0D9-7DD2-4730-A0DA-2F4F6F5CE666}
	EndGlobalSection
EndGlobal
